
Microsoft Visual Studio Solution File, Format Version 12.00
# Visual Studio Version 17
VisualStudioVersion = 17.10.35013.160
MinimumVisualStudioVersion = 10.0.40219.1
Project("{FAE04EC0-301F-11D3-BF4B-00C04F79EFBC}") = "NavigationCambio2320559", "NavigationCambio2320559.csproj", "{2948DD77-644E-4613-BC7D-D5B7DDE27321}"
EndProject
Global
	GlobalSection(SolutionConfigurationPlatforms) = preSolution
		Debug|Any CPU = Debug|Any CPU
		Release|Any CPU = Release|Any CPU
	EndGlobalSection
	GlobalSection(ProjectConfigurationPlatforms) = postSolution
		{2948DD77-644E-4613-BC7D-D5B7DDE27321}.Debug|Any CPU.ActiveCfg = Debug|Any CPU
		{2948DD77-644E-4613-BC7D-D5B7DDE27321}.Debug|Any CPU.Build.0 = Debug|Any CPU
		{2948DD77-644E-4613-BC7D-D5B7DDE27321}.Debug|Any CPU.Deploy.0 = Debug|Any CPU
		{2948DD77-644E-4613-BC7D-D5B7DDE27321}.Release|Any CPU.ActiveCfg = Release|Any CPU
		{2948DD77-644E-4613-BC7D-D5B7DDE27321}.Release|Any CPU.Build.0 = Release|Any CPU
		{2948DD77-644E-4613-BC7D-D5B7DDE27321}.Release|Any CPU.Deploy.0 = Release|Any CPU
	EndGlobalSection
	GlobalSection(SolutionProperties) = preSolution
		HideSolutionNode = FALSE
	EndGlobalSection
	GlobalSection(ExtensibilityGlobals) = postSolution
		SolutionGuid = {C2D52CB1-D1E5-4147-91B3-51170EDE0C76}
	EndGlobalSection
EndGlobal
